
Microsoft Visual Studio Solution File, Format Version 12.00
# Visual Studio Version 17
VisualStudioVersion = 17.5.33516.290
MinimumVisualStudioVersion = 10.0.40219.1
Project("{2150E333-8FDC-42A3-9474-1A3956D46DE8}") = "src", "src", "{785E7055-F843-4404-9958-2D6675508619}"
EndProject
Project("{2150E333-8FDC-42A3-9474-1A3956D46DE8}") = "Api", "Api", "{78E92696-1784-44C8-A1D9-09C539C2A19E}"
EndProject
Project("{2150E333-8FDC-42A3-9474-1A3956D46DE8}") = "Core", "Core", "{2653992B-B781-494B-AFCB-FA3F54BDB2FA}"
EndProject
Project("{2150E333-8FDC-42A3-9474-1A3956D46DE8}") = "Infrastructure", "Infrastructure", "{3183FEB6-356A-4906-940B-AC206D696A87}"
EndProject
Project("{2150E333-8FDC-42A3-9474-1A3956D46DE8}") = "WebApi", "WebApi", "{7A4AD7D3-EDF4-4B86-895A-43DE21CF6632}"
EndProject
Project("{FAE04EC0-301F-11D3-BF4B-00C04F79EFBC}") = "BlazorSozluk.Application", "src\Api\Core\BlazorSozluk.Application\BlazorSozluk.Application.csproj", "{D47E01F7-71FD-432D-BA8C-647968D94B51}"
EndProject
Project("{FAE04EC0-301F-11D3-BF4B-00C04F79EFBC}") = "BlazorSozluk.Domain", "src\Api\Core\BlazorSozluk.Domain\BlazorSozluk.Domain.csproj", "{B7E986C1-CD5F-4604-B348-76D2E6747247}"
EndProject
Project("{FAE04EC0-301F-11D3-BF4B-00C04F79EFBC}") = "BlazorSozluk.Infrastructure.Persistance", "src\Api\Infrastructure\BlazorSozluk.Infrastructure.Persistance\BlazorSozluk.Infrastructure.Persistance.csproj", "{570901B1-F789-4E7C-ABDF-3871226437C6}"
EndProject
Project("{FAE04EC0-301F-11D3-BF4B-00C04F79EFBC}") = "BlazorSozluk.Api.WebApi", "src\Api\WebApi\BlazorSozluk.Api.WebApi\BlazorSozluk.Api.WebApi.csproj", "{A76D2EE9-EE7D-42A7-BA9A-568F22D32C51}"
EndProject
Project("{2150E333-8FDC-42A3-9474-1A3956D46DE8}") = "Clients", "Clients", "{D269869B-008C-41E0-BE8A-43E97628CB0D}"
EndProject
Project("{2150E333-8FDC-42A3-9474-1A3956D46DE8}") = "BlazorWeb", "BlazorWeb", "{D4CE92DE-ED43-48A5-BF79-064FA82BC8F6}"
EndProject
Project("{2150E333-8FDC-42A3-9474-1A3956D46DE8}") = "Common", "Common", "{225A02F7-BA24-4987-A2C3-0BBA995C973F}"
EndProject
Project("{FAE04EC0-301F-11D3-BF4B-00C04F79EFBC}") = "BlazorSozluk.Common", "src\Common\BlazorSozluk.Common\BlazorSozluk.Common.csproj", "{E2DDB8C0-6E41-45FB-B624-0BAE3377A758}"
EndProject
Project("{2150E333-8FDC-42A3-9474-1A3956D46DE8}") = "Projections", "Projections", "{6C7554FE-38C8-4B9D-A9EE-D79F004E69EB}"
EndProject
Project("{FAE04EC0-301F-11D3-BF4B-00C04F79EFBC}") = "BlazorSozluk.Projections.FavoriteService", "src\Projections\BlazorSozluk.Projections.FavoriteService\BlazorSozluk.Projections.FavoriteService.csproj", "{EADC821C-C24A-448A-8B25-7F32763DA5C2}"
EndProject
Project("{FAE04EC0-301F-11D3-BF4B-00C04F79EFBC}") = "BlazorSozluk.Projections.UserService", "src\Projections\BlazorSozluk.Projections.User\BlazorSozluk.Projections.UserService.csproj", "{A5D628C3-EBC6-412F-8A9C-BD6AC554933B}"
EndProject
Project("{FAE04EC0-301F-11D3-BF4B-00C04F79EFBC}") = "BlazorSozluk.Projections.VoteService", "src\Projections\BlazorSozluk.Projections.VoteService\BlazorSozluk.Projections.VoteService.csproj", "{4B64E1B0-BEF1-4D40-A64A-3EEE04E801F9}"
EndProject
Project("{FAE04EC0-301F-11D3-BF4B-00C04F79EFBC}") = "BlazorSozluk.WebApp", "src\Clients\BlazorWeb\BlazorSozluk.WebApp\BlazorSozluk.WebApp.csproj", "{91337148-34E9-48D9-8E4A-A1CA64ECA163}"
EndProject
Global
	GlobalSection(SolutionConfigurationPlatforms) = preSolution
		Debug|Any CPU = Debug|Any CPU
		Release|Any CPU = Release|Any CPU
	EndGlobalSection
	GlobalSection(ProjectConfigurationPlatforms) = postSolution
		{D47E01F7-71FD-432D-BA8C-647968D94B51}.Debug|Any CPU.ActiveCfg = Debug|Any CPU
		{D47E01F7-71FD-432D-BA8C-647968D94B51}.Debug|Any CPU.Build.0 = Debug|Any CPU
		{D47E01F7-71FD-432D-BA8C-647968D94B51}.Release|Any CPU.ActiveCfg = Release|Any CPU
		{D47E01F7-71FD-432D-BA8C-647968D94B51}.Release|Any CPU.Build.0 = Release|Any CPU
		{B7E986C1-CD5F-4604-B348-76D2E6747247}.Debug|Any CPU.ActiveCfg = Debug|Any CPU
		{B7E986C1-CD5F-4604-B348-76D2E6747247}.Debug|Any CPU.Build.0 = Debug|Any CPU
		{B7E986C1-CD5F-4604-B348-76D2E6747247}.Release|Any CPU.ActiveCfg = Release|Any CPU
		{B7E986C1-CD5F-4604-B348-76D2E6747247}.Release|Any CPU.Build.0 = Release|Any CPU
		{570901B1-F789-4E7C-ABDF-3871226437C6}.Debug|Any CPU.ActiveCfg = Debug|Any CPU
		{570901B1-F789-4E7C-ABDF-3871226437C6}.Debug|Any CPU.Build.0 = Debug|Any CPU
		{570901B1-F789-4E7C-ABDF-3871226437C6}.Release|Any CPU.ActiveCfg = Release|Any CPU
		{570901B1-F789-4E7C-ABDF-3871226437C6}.Release|Any CPU.Build.0 = Release|Any CPU
		{A76D2EE9-EE7D-42A7-BA9A-568F22D32C51}.Debug|Any CPU.ActiveCfg = Debug|Any CPU
		{A76D2EE9-EE7D-42A7-BA9A-568F22D32C51}.Debug|Any CPU.Build.0 = Debug|Any CPU
		{A76D2EE9-EE7D-42A7-BA9A-568F22D32C51}.Release|Any CPU.ActiveCfg = Release|Any CPU
		{A76D2EE9-EE7D-42A7-BA9A-568F22D32C51}.Release|Any CPU.Build.0 = Release|Any CPU
		{E2DDB8C0-6E41-45FB-B624-0BAE3377A758}.Debug|Any CPU.ActiveCfg = Debug|Any CPU
		{E2DDB8C0-6E41-45FB-B624-0BAE3377A758}.Debug|Any CPU.Build.0 = Debug|Any CPU
		{E2DDB8C0-6E41-45FB-B624-0BAE3377A758}.Release|Any CPU.ActiveCfg = Release|Any CPU
		{E2DDB8C0-6E41-45FB-B624-0BAE3377A758}.Release|Any CPU.Build.0 = Release|Any CPU
		{EADC821C-C24A-448A-8B25-7F32763DA5C2}.Debug|Any CPU.ActiveCfg = Debug|Any CPU
		{EADC821C-C24A-448A-8B25-7F32763DA5C2}.Debug|Any CPU.Build.0 = Debug|Any CPU
		{EADC821C-C24A-448A-8B25-7F32763DA5C2}.Release|Any CPU.ActiveCfg = Release|Any CPU
		{EADC821C-C24A-448A-8B25-7F32763DA5C2}.Release|Any CPU.Build.0 = Release|Any CPU
		{A5D628C3-EBC6-412F-8A9C-BD6AC554933B}.Debug|Any CPU.ActiveCfg = Debug|Any CPU
		{A5D628C3-EBC6-412F-8A9C-BD6AC554933B}.Debug|Any CPU.Build.0 = Debug|Any CPU
		{A5D628C3-EBC6-412F-8A9C-BD6AC554933B}.Release|Any CPU.ActiveCfg = Release|Any CPU
		{A5D628C3-EBC6-412F-8A9C-BD6AC554933B}.Release|Any CPU.Build.0 = Release|Any CPU
		{4B64E1B0-BEF1-4D40-A64A-3EEE04E801F9}.Debug|Any CPU.ActiveCfg = Debug|Any CPU
		{4B64E1B0-BEF1-4D40-A64A-3EEE04E801F9}.Debug|Any CPU.Build.0 = Debug|Any CPU
		{4B64E1B0-BEF1-4D40-A64A-3EEE04E801F9}.Release|Any CPU.ActiveCfg = Release|Any CPU
		{4B64E1B0-BEF1-4D40-A64A-3EEE04E801F9}.Release|Any CPU.Build.0 = Release|Any CPU
		{91337148-34E9-48D9-8E4A-A1CA64ECA163}.Debug|Any CPU.ActiveCfg = Debug|Any CPU
		{91337148-34E9-48D9-8E4A-A1CA64ECA163}.Debug|Any CPU.Build.0 = Debug|Any CPU
		{91337148-34E9-48D9-8E4A-A1CA64ECA163}.Release|Any CPU.ActiveCfg = Release|Any CPU
		{91337148-34E9-48D9-8E4A-A1CA64ECA163}.Release|Any CPU.Build.0 = Release|Any CPU
	EndGlobalSection
	GlobalSection(SolutionProperties) = preSolution
		HideSolutionNode = FALSE
	EndGlobalSection
	GlobalSection(NestedProjects) = preSolution
		{78E92696-1784-44C8-A1D9-09C539C2A19E} = {785E7055-F843-4404-9958-2D6675508619}
		{2653992B-B781-494B-AFCB-FA3F54BDB2FA} = {78E92696-1784-44C8-A1D9-09C539C2A19E}
		{3183FEB6-356A-4906-940B-AC206D696A87} = {78E92696-1784-44C8-A1D9-09C539C2A19E}
		{7A4AD7D3-EDF4-4B86-895A-43DE21CF6632} = {78E92696-1784-44C8-A1D9-09C539C2A19E}
		{D47E01F7-71FD-432D-BA8C-647968D94B51} = {2653992B-B781-494B-AFCB-FA3F54BDB2FA}
		{B7E986C1-CD5F-4604-B348-76D2E6747247} = {2653992B-B781-494B-AFCB-FA3F54BDB2FA}
		{570901B1-F789-4E7C-ABDF-3871226437C6} = {3183FEB6-356A-4906-940B-AC206D696A87}
		{A76D2EE9-EE7D-42A7-BA9A-568F22D32C51} = {7A4AD7D3-EDF4-4B86-895A-43DE21CF6632}
		{D269869B-008C-41E0-BE8A-43E97628CB0D} = {785E7055-F843-4404-9958-2D6675508619}
		{D4CE92DE-ED43-48A5-BF79-064FA82BC8F6} = {D269869B-008C-41E0-BE8A-43E97628CB0D}
		{225A02F7-BA24-4987-A2C3-0BBA995C973F} = {785E7055-F843-4404-9958-2D6675508619}
		{E2DDB8C0-6E41-45FB-B624-0BAE3377A758} = {225A02F7-BA24-4987-A2C3-0BBA995C973F}
		{6C7554FE-38C8-4B9D-A9EE-D79F004E69EB} = {785E7055-F843-4404-9958-2D6675508619}
		{EADC821C-C24A-448A-8B25-7F32763DA5C2} = {6C7554FE-38C8-4B9D-A9EE-D79F004E69EB}
		{A5D628C3-EBC6-412F-8A9C-BD6AC554933B} = {6C7554FE-38C8-4B9D-A9EE-D79F004E69EB}
		{4B64E1B0-BEF1-4D40-A64A-3EEE04E801F9} = {6C7554FE-38C8-4B9D-A9EE-D79F004E69EB}
		{91337148-34E9-48D9-8E4A-A1CA64ECA163} = {D4CE92DE-ED43-48A5-BF79-064FA82BC8F6}
	EndGlobalSection
	GlobalSection(ExtensibilityGlobals) = postSolution
		SolutionGuid = {CA87F8F0-A0EA-4133-879C-D680F2366743}
	EndGlobalSection
EndGlobal
